// !$*UTF8*$!
{
	archiveVersion = 1;
	classes = {
	};
	objectVersion = 50;
	objects = {

/* Begin PBXBuildFile section */
		86497FEB25812B9F00876BB9 /* AppDelegate.swift in Sources */ = {isa = PBXBuildFile; fileRef = 86497FEA25812B9F00876BB9 /* AppDelegate.swift */; };
		86497FED25812B9F00876BB9 /* SceneDelegate.swift in Sources */ = {isa = PBXBuildFile; fileRef = 86497FEC25812B9F00876BB9 /* SceneDelegate.swift */; };
		86497FEF25812B9F00876BB9 /* ViewController.swift in Sources */ = {isa = PBXBuildFile; fileRef = 86497FEE25812B9F00876BB9 /* ViewController.swift */; };
		86497FF225812B9F00876BB9 /* Main.storyboard in Resources */ = {isa = PBXBuildFile; fileRef = 86497FF025812B9F00876BB9 /* Main.storyboard */; };
		86497FF425812BA100876BB9 /* Assets.xcassets in Resources */ = {isa = PBXBuildFile; fileRef = 86497FF325812BA100876BB9 /* Assets.xcassets */; };
		86497FF725812BA100876BB9 /* LaunchScreen.storyboard in Resources */ = {isa = PBXBuildFile; fileRef = 86497FF525812BA100876BB9 /* LaunchScreen.storyboard */; };
		8649800225812BA100876BB9 /* SiwonTests.swift in Sources */ = {isa = PBXBuildFile; fileRef = 8649800125812BA100876BB9 /* SiwonTests.swift */; };
		8649800D25812BA200876BB9 /* SiwonUITests.swift in Sources */ = {isa = PBXBuildFile; fileRef = 8649800C25812BA200876BB9 /* SiwonUITests.swift */; };
/* End PBXBuildFile section */

/* Begin PBXContainerItemProxy section */
		86497FFE25812BA100876BB9 /* PBXContainerItemProxy */ = {
			isa = PBXContainerItemProxy;
			containerPortal = 86497FDF25812B9F00876BB9 /* Project object */;
			proxyType = 1;
			remoteGlobalIDString = 86497FE625812B9F00876BB9;
			remoteInfo = Siwon;
		};
		8649800925812BA200876BB9 /* PBXContainerItemProxy */ = {
			isa = PBXContainerItemProxy;
			containerPortal = 86497FDF25812B9F00876BB9 /* Project object */;
			proxyType = 1;
			remoteGlobalIDString = 86497FE625812B9F00876BB9;
			remoteInfo = Siwon;
		};
/* End PBXContainerItemProxy section */

/* Begin PBXFileReference section */
		86497FE725812B9F00876BB9 /* Siwon.app */ = {isa = PBXFileReference; explicitFileType = wrapper.application; includeInIndex = 0; path = Siwon.app; sourceTree = BUILT_PRODUCTS_DIR; };
		86497FEA25812B9F00876BB9 /* AppDelegate.swift */ = {isa = PBXFileReference; lastKnownFileType = sourcecode.swift; path = AppDelegate.swift; sourceTree = "<group>"; };
		86497FEC25812B9F00876BB9 /* SceneDelegate.swift */ = {isa = PBXFileReference; lastKnownFileType = sourcecode.swift; path = SceneDelegate.swift; sourceTree = "<group>"; };
		86497FEE25812B9F00876BB9 /* ViewController.swift */ = {isa = PBXFileReference; lastKnownFileType = sourcecode.swift; path = ViewController.swift; sourceTree = "<group>"; };
		86497FF125812B9F00876BB9 /* Base */ = {isa = PBXFileReference; lastKnownFileType = file.storyboard; name = Base; path = Base.lproj/Main.storyboard; sourceTree = "<group>"; };
		86497FF325812BA100876BB9 /* Assets.xcassets */ = {isa = PBXFileReference; lastKnownFileType = folder.assetcatalog; path = Assets.xcassets; sourceTree = "<group>"; };
		86497FF625812BA100876BB9 /* Base */ = {isa = PBXFileReference; lastKnownFileType = file.storyboard; name = Base; path = Base.lproj/LaunchScreen.storyboard; sourceTree = "<group>"; };
		86497FF825812BA100876BB9 /* Info.plist */ = {isa = PBXFileReference; lastKnownFileType = text.plist.xml; path = Info.plist; sourceTree = "<group>"; };
		86497FFD25812BA100876BB9 /* SiwonTests.xctest */ = {isa = PBXFileReference; explicitFileType = wrapper.cfbundle; includeInIndex = 0; path = SiwonTests.xctest; sourceTree = BUILT_PRODUCTS_DIR; };
		8649800125812BA100876BB9 /* SiwonTests.swift */ = {isa = PBXFileReference; lastKnownFileType = sourcecode.swift; path = SiwonTests.swift; sourceTree = "<group>"; };
		8649800325812BA100876BB9 /* Info.plist */ = {isa = PBXFileReference; lastKnownFileType = text.plist.xml; path = Info.plist; sourceTree = "<group>"; };
		8649800825812BA200876BB9 /* SiwonUITests.xctest */ = {isa = PBXFileReference; explicitFileType = wrapper.cfbundle; includeInIndex = 0; path = SiwonUITests.xctest; sourceTree = BUILT_PRODUCTS_DIR; };
		8649800C25812BA200876BB9 /* SiwonUITests.swift */ = {isa = PBXFileReference; lastKnownFileType = sourcecode.swift; path = SiwonUITests.swift; sourceTree = "<group>"; };
		8649800E25812BA200876BB9 /* Info.plist */ = {isa = PBXFileReference; lastKnownFileType = text.plist.xml; path = Info.plist; sourceTree = "<group>"; };
/* End PBXFileReference section */

/* Begin PBXFrameworksBuildPhase section */
		86497FE425812B9F00876BB9 /* Frameworks */ = {
			isa = PBXFrameworksBuildPhase;
			buildActionMask = 2147483647;
			files = (
			);
			runOnlyForDeploymentPostprocessing = 0;
		};
		86497FFA25812BA100876BB9 /* Frameworks */ = {
			isa = PBXFrameworksBuildPhase;
			buildActionMask = 2147483647;
			files = (
			);
			runOnlyForDeploymentPostprocessing = 0;
		};
		8649800525812BA200876BB9 /* Frameworks */ = {
			isa = PBXFrameworksBuildPhase;
			buildActionMask = 2147483647;
			files = (
			);
			runOnlyForDeploymentPostprocessing = 0;
		};
/* End PBXFrameworksBuildPhase section */

/* Begin PBXGroup section */
		86497FDE25812B9F00876BB9 = {
			isa = PBXGroup;
			children = (
				86497FE925812B9F00876BB9 /* Siwon */,
				8649800025812BA100876BB9 /* SiwonTests */,
				8649800B25812BA200876BB9 /* SiwonUITests */,
				86497FE825812B9F00876BB9 /* Products */,
			);
			sourceTree = "<group>";
		};
		86497FE825812B9F00876BB9 /* Products */ = {
			isa = PBXGroup;
			children = (
				86497FE725812B9F00876BB9 /* Siwon.app */,
				86497FFD25812BA100876BB9 /* SiwonTests.xctest */,
				8649800825812BA200876BB9 /* SiwonUITests.xctest */,
			);
			name = Products;
			sourceTree = "<group>";
		};
		86497FE925812B9F00876BB9 /* Siwon */ = {
			isa = PBXGroup;
			children = (
				86497FEA25812B9F00876BB9 /* AppDelegate.swift */,
				86497FEC25812B9F00876BB9 /* SceneDelegate.swift */,
				86497FEE25812B9F00876BB9 /* ViewController.swift */,
				86497FF025812B9F00876BB9 /* Main.storyboard */,
				86497FF325812BA100876BB9 /* Assets.xcassets */,
				86497FF525812BA100876BB9 /* LaunchScreen.storyboard */,
				86497FF825812BA100876BB9 /* Info.plist */,
			);
			path = Siwon;
			sourceTree = "<group>";
		};
		8649800025812BA100876BB9 /* SiwonTests */ = {
			isa = PBXGroup;
			children = (
				8649800125812BA100876BB9 /* SiwonTests.swift */,
				8649800325812BA100876BB9 /* Info.plist */,
			);
			path = SiwonTests;
			sourceTree = "<group>";
		};
		8649800B25812BA200876BB9 /* SiwonUITests */ = {
			isa = PBXGroup;
			children = (
				8649800C25812BA200876BB9 /* SiwonUITests.swift */,
				8649800E25812BA200876BB9 /* Info.plist */,
			);
			path = SiwonUITests;
			sourceTree = "<group>";
		};
/* End PBXGroup section */

/* Begin PBXNativeTarget section */
		86497FE625812B9F00876BB9 /* Siwon */ = {
			isa = PBXNativeTarget;
			buildConfigurationList = 8649801125812BA200876BB9 /* Build configuration list for PBXNativeTarget "Siwon" */;
			buildPhases = (
				86497FE325812B9F00876BB9 /* Sources */,
				86497FE425812B9F00876BB9 /* Frameworks */,
				86497FE525812B9F00876BB9 /* Resources */,
			);
			buildRules = (
			);
			dependencies = (
			);
			name = Siwon;
			productName = Siwon;
			productReference = 86497FE725812B9F00876BB9 /* Siwon.app */;
			productType = "com.apple.product-type.application";
		};
		86497FFC25812BA100876BB9 /* SiwonTests */ = {
			isa = PBXNativeTarget;
			buildConfigurationList = 8649801425812BA200876BB9 /* Build configuration list for PBXNativeTarget "SiwonTests" */;
			buildPhases = (
				86497FF925812BA100876BB9 /* Sources */,
				86497FFA25812BA100876BB9 /* Frameworks */,
				86497FFB25812BA100876BB9 /* Resources */,
			);
			buildRules = (
			);
			dependencies = (
				86497FFF25812BA100876BB9 /* PBXTargetDependency */,
			);
			name = SiwonTests;
			productName = SiwonTests;
			productReference = 86497FFD25812BA100876BB9 /* SiwonTests.xctest */;
			productType = "com.apple.product-type.bundle.unit-test";
		};
		8649800725812BA200876BB9 /* SiwonUITests */ = {
			isa = PBXNativeTarget;
			buildConfigurationList = 8649801725812BA200876BB9 /* Build configuration list for PBXNativeTarget "SiwonUITests" */;
			buildPhases = (
				8649800425812BA200876BB9 /* Sources */,
				8649800525812BA200876BB9 /* Frameworks */,
				8649800625812BA200876BB9 /* Resources */,
			);
			buildRules = (
			);
			dependencies = (
				8649800A25812BA200876BB9 /* PBXTargetDependency */,
			);
			name = SiwonUITests;
			productName = SiwonUITests;
			productReference = 8649800825812BA200876BB9 /* SiwonUITests.xctest */;
			productType = "com.apple.product-type.bundle.ui-testing";
		};
/* End PBXNativeTarget section */

/* Begin PBXProject section */
		86497FDF25812B9F00876BB9 /* Project object */ = {
			isa = PBXProject;
			attributes = {
				LastSwiftUpdateCheck = 1210;
				LastUpgradeCheck = 1210;
				TargetAttributes = {
					86497FE625812B9F00876BB9 = {
						CreatedOnToolsVersion = 12.1;
					};
					86497FFC25812BA100876BB9 = {
						CreatedOnToolsVersion = 12.1;
						TestTargetID = 86497FE625812B9F00876BB9;
					};
					8649800725812BA200876BB9 = {
						CreatedOnToolsVersion = 12.1;
						TestTargetID = 86497FE625812B9F00876BB9;
					};
				};
			};
			buildConfigurationList = 86497FE225812B9F00876BB9 /* Build configuration list for PBXProject "Siwon" */;
			compatibilityVersion = "Xcode 9.3";
			developmentRegion = en;
			hasScannedForEncodings = 0;
			knownRegions = (
				en,
				Base,
			);
			mainGroup = 86497FDE25812B9F00876BB9;
			productRefGroup = 86497FE825812B9F00876BB9 /* Products */;
			projectDirPath = "";
			projectRoot = "";
			targets = (
				86497FE625812B9F00876BB9 /* Siwon */,
				86497FFC25812BA100876BB9 /* SiwonTests */,
				8649800725812BA200876BB9 /* SiwonUITests */,
			);
		};
/* End PBXProject section */

/* Begin PBXResourcesBuildPhase section */
		86497FE525812B9F00876BB9 /* Resources */ = {
			isa = PBXResourcesBuildPhase;
			buildActionMask = 2147483647;
			files = (
				86497FF725812BA100876BB9 /* LaunchScreen.storyboard in Resources */,
				86497FF425812BA100876BB9 /* Assets.xcassets in Resources */,
				86497FF225812B9F00876BB9 /* Main.storyboard in Resources */,
			);
			runOnlyForDeploymentPostprocessing = 0;
		};
		86497FFB25812BA100876BB9 /* Resources */ = {
			isa = PBXResourcesBuildPhase;
			buildActionMask = 2147483647;
			files = (
			);
			runOnlyForDeploymentPostprocessing = 0;
		};
		8649800625812BA200876BB9 /* Resources */ = {
			isa = PBXResourcesBuildPhase;
			buildActionMask = 2147483647;
			files = (
			);
			runOnlyForDeploymentPostprocessing = 0;
		};
/* End PBXResourcesBuildPhase section */

/* Begin PBXSourcesBuildPhase section */
		86497FE325812B9F00876BB9 /* Sources */ = {
			isa = PBXSourcesBuildPhase;
			buildActionMask = 2147483647;
			files = (
				86497FEF25812B9F00876BB9 /* ViewController.swift in Sources */,
				86497FEB25812B9F00876BB9 /* AppDelegate.swift in Sources */,
				86497FED25812B9F00876BB9 /* SceneDelegate.swift in Sources */,
			);
			runOnlyForDeploymentPostprocessing = 0;
		};
		86497FF925812BA100876BB9 /* Sources */ = {
			isa = PBXSourcesBuildPhase;
			buildActionMask = 2147483647;
			files = (
				8649800225812BA100876BB9 /* SiwonTests.swift in Sources */,
			);
			runOnlyForDeploymentPostprocessing = 0;
		};
		8649800425812BA200876BB9 /* Sources */ = {
			isa = PBXSourcesBuildPhase;
			buildActionMask = 2147483647;
			files = (
				8649800D25812BA200876BB9 /* SiwonUITests.swift in Sources */,
			);
			runOnlyForDeploymentPostprocessing = 0;
		};
/* End PBXSourcesBuildPhase section */

/* Begin PBXTargetDependency section */
		86497FFF25812BA100876BB9 /* PBXTargetDependency */ = {
			isa = PBXTargetDependency;
			target = 86497FE625812B9F00876BB9 /* Siwon */;
			targetProxy = 86497FFE25812BA100876BB9 /* PBXContainerItemProxy */;
		};
		8649800A25812BA200876BB9 /* PBXTargetDependency */ = {
			isa = PBXTargetDependency;
			target = 86497FE625812B9F00876BB9 /* Siwon */;
			targetProxy = 8649800925812BA200876BB9 /* PBXContainerItemProxy */;
		};
/* End PBXTargetDependency section */

/* Begin PBXVariantGroup section */
		86497FF025812B9F00876BB9 /* Main.storyboard */ = {
			isa = PBXVariantGroup;
			children = (
				86497FF125812B9F00876BB9 /* Base */,
			);
			name = Main.storyboard;
			sourceTree = "<group>";
		};
		86497FF525812BA100876BB9 /* LaunchScreen.storyboard */ = {
			isa = PBXVariantGroup;
			children = (
				86497FF625812BA100876BB9 /* Base */,
			);
			name = LaunchScreen.storyboard;
			sourceTree = "<group>";
		};
/* End PBXVariantGroup section */

/* Begin XCBuildConfiguration section */
		8649800F25812BA200876BB9 /* Debug */ = {
			isa = XCBuildConfiguration;
			buildSettings = {
				ALWAYS_SEARCH_USER_PATHS = NO;
				CLANG_ANALYZER_NONNULL = YES;
				CLANG_ANALYZER_NUMBER_OBJECT_CONVERSION = YES_AGGRESSIVE;
				CLANG_CXX_LANGUAGE_STANDARD = "gnu++14";
				CLANG_CXX_LIBRARY = "libc++";
				CLANG_ENABLE_MODULES = YES;
				CLANG_ENABLE_OBJC_ARC = YES;
				CLANG_ENABLE_OBJC_WEAK = YES;
				CLANG_WARN_BLOCK_CAPTURE_AUTORELEASING = YES;
				CLANG_WARN_BOOL_CONVERSION = YES;
				CLANG_WARN_COMMA = YES;
				CLANG_WARN_CONSTANT_CONVERSION = YES;
				CLANG_WARN_DEPRECATED_OBJC_IMPLEMENTATIONS = YES;
				CLANG_WARN_DIRECT_OBJC_ISA_USAGE = YES_ERROR;
				CLANG_WARN_DOCUMENTATION_COMMENTS = YES;
				CLANG_WARN_EMPTY_BODY = YES;
				CLANG_WARN_ENUM_CONVERSION = YES;
				CLANG_WARN_INFINITE_RECURSION = YES;
				CLANG_WARN_INT_CONVERSION = YES;
				CLANG_WARN_NON_LITERAL_NULL_CONVERSION = YES;
				CLANG_WARN_OBJC_IMPLICIT_RETAIN_SELF = YES;
				CLANG_WARN_OBJC_LITERAL_CONVERSION = YES;
				CLANG_WARN_OBJC_ROOT_CLASS = YES_ERROR;
				CLANG_WARN_QUOTED_INCLUDE_IN_FRAMEWORK_HEADER = YES;
				CLANG_WARN_RANGE_LOOP_ANALYSIS = YES;
				CLANG_WARN_STRICT_PROTOTYPES = YES;
				CLANG_WARN_SUSPICIOUS_MOVE = YES;
				CLANG_WARN_UNGUARDED_AVAILABILITY = YES_AGGRESSIVE;
				CLANG_WARN_UNREACHABLE_CODE = YES;
				CLANG_WARN__DUPLICATE_METHOD_MATCH = YES;
				COPY_PHASE_STRIP = NO;
				DEBUG_INFORMATION_FORMAT = dwarf;
				ENABLE_STRICT_OBJC_MSGSEND = YES;
				ENABLE_TESTABILITY = YES;
				GCC_C_LANGUAGE_STANDARD = gnu11;
				GCC_DYNAMIC_NO_PIC = NO;
				GCC_NO_COMMON_BLOCKS = YES;
				GCC_OPTIMIZATION_LEVEL = 0;
				GCC_PREPROCESSOR_DEFINITIONS = (
					"DEBUG=1",
					"$(inherited)",
				);
				GCC_WARN_64_TO_32_BIT_CONVERSION = YES;
				GCC_WARN_ABOUT_RETURN_TYPE = YES_ERROR;
				GCC_WARN_UNDECLARED_SELECTOR = YES;
				GCC_WARN_UNINITIALIZED_AUTOS = YES_AGGRESSIVE;
				GCC_WARN_UNUSED_FUNCTION = YES;
				GCC_WARN_UNUSED_VARIABLE = YES;
				IPHONEOS_DEPLOYMENT_TARGET = 14.1;
				MTL_ENABLE_DEBUG_INFO = INCLUDE_SOURCE;
				MTL_FAST_MATH = YES;
				ONLY_ACTIVE_ARCH = YES;
				SDKROOT = iphoneos;
				SWIFT_ACTIVE_COMPILATION_CONDITIONS = DEBUG;
				SWIFT_OPTIMIZATION_LEVEL = "-Onone";
			};
			name = Debug;
		};
		8649801025812BA200876BB9 /* Release */ = {
			isa = XCBuildConfiguration;
			buildSettings = {
				ALWAYS_SEARCH_USER_PATHS = NO;
				CLANG_ANALYZER_NONNULL = YES;
				CLANG_ANALYZER_NUMBER_OBJECT_CONVERSION = YES_AGGRESSIVE;
				CLANG_CXX_LANGUAGE_STANDARD = "gnu++14";
				CLANG_CXX_LIBRARY = "libc++";
				CLANG_ENABLE_MODULES = YES;
				CLANG_ENABLE_OBJC_ARC = YES;
				CLANG_ENABLE_OBJC_WEAK = YES;
				CLANG_WARN_BLOCK_CAPTURE_AUTORELEASING = YES;
				CLANG_WARN_BOOL_CONVERSION = YES;
				CLANG_WARN_COMMA = YES;
				CLANG_WARN_CONSTANT_CONVERSION = YES;
				CLANG_WARN_DEPRECATED_OBJC_IMPLEMENTATIONS = YES;
				CLANG_WARN_DIRECT_OBJC_ISA_USAGE = YES_ERROR;
				CLANG_WARN_DOCUMENTATION_COMMENTS = YES;
				CLANG_WARN_EMPTY_BODY = YES;
				CLANG_WARN_ENUM_CONVERSION = YES;
				CLANG_WARN_INFINITE_RECURSION = YES;
				CLANG_WARN_INT_CONVERSION = YES;
				CLANG_WARN_NON_LITERAL_NULL_CONVERSION = YES;
				CLANG_WARN_OBJC_IMPLICIT_RETAIN_SELF = YES;
				CLANG_WARN_OBJC_LITERAL_CONVERSION = YES;
				CLANG_WARN_OBJC_ROOT_CLASS = YES_ERROR;
				CLANG_WARN_QUOTED_INCLUDE_IN_FRAMEWORK_HEADER = YES;
				CLANG_WARN_RANGE_LOOP_ANALYSIS = YES;
				CLANG_WARN_STRICT_PROTOTYPES = YES;
				CLANG_WARN_SUSPICIOUS_MOVE = YES;
				CLANG_WARN_UNGUARDED_AVAILABILITY = YES_AGGRESSIVE;
				CLANG_WARN_UNREACHABLE_CODE = YES;
				CLANG_WARN__DUPLICATE_METHOD_MATCH = YES;
				COPY_PHASE_STRIP = NO;
				DEBUG_INFORMATION_FORMAT = "dwarf-with-dsym";
				ENABLE_NS_ASSERTIONS = NO;
				ENABLE_STRICT_OBJC_MSGSEND = YES;
				GCC_C_LANGUAGE_STANDARD = gnu11;
				GCC_NO_COMMON_BLOCKS = YES;
				GCC_WARN_64_TO_32_BIT_CONVERSION = YES;
				GCC_WARN_ABOUT_RETURN_TYPE = YES_ERROR;
				GCC_WARN_UNDECLARED_SELECTOR = YES;
				GCC_WARN_UNINITIALIZED_AUTOS = YES_AGGRESSIVE;
				GCC_WARN_UNUSED_FUNCTION = YES;
				GCC_WARN_UNUSED_VARIABLE = YES;
				IPHONEOS_DEPLOYMENT_TARGET = 14.1;
				MTL_ENABLE_DEBUG_INFO = NO;
				MTL_FAST_MATH = YES;
				SDKROOT = iphoneos;
				SWIFT_COMPILATION_MODE = wholemodule;
				SWIFT_OPTIMIZATION_LEVEL = "-O";
				VALIDATE_PRODUCT = YES;
			};
			name = Release;
		};
		8649801225812BA200876BB9 /* Debug */ = {
			isa = XCBuildConfiguration;
			buildSettings = {
				ASSETCATALOG_COMPILER_APPICON_NAME = AppIcon;
				ASSETCATALOG_COMPILER_GLOBAL_ACCENT_COLOR_NAME = AccentColor;
				CODE_SIGN_STYLE = Automatic;
				DEVELOPMENT_TEAM = BSQ6SB2ZMW;
				INFOPLIST_FILE = Siwon/Info.plist;
				LD_RUNPATH_SEARCH_PATHS = (
					"$(inherited)",
					"@executable_path/Frameworks",
				);
				PRODUCT_BUNDLE_IDENTIFIER = SiwonIg.Siwon;
				PRODUCT_NAME = "$(TARGET_NAME)";
				SWIFT_VERSION = 5.0;
				TARGETED_DEVICE_FAMILY = "1,2";
			};
			name = Debug;
		};
		8649801325812BA200876BB9 /* Release */ = {
			isa = XCBuildConfiguration;
			buildSettings = {
				ASSETCATALOG_COMPILER_APPICON_NAME = AppIcon;
				ASSETCATALOG_COMPILER_GLOBAL_ACCENT_COLOR_NAME = AccentColor;
				CODE_SIGN_STYLE = Automatic;
				DEVELOPMENT_TEAM = BSQ6SB2ZMW;
				INFOPLIST_FILE = Siwon/Info.plist;
				LD_RUNPATH_SEARCH_PATHS = (
					"$(inherited)",
					"@executable_path/Frameworks",
				);
				PRODUCT_BUNDLE_IDENTIFIER = SiwonIg.Siwon;
				PRODUCT_NAME = "$(TARGET_NAME)";
				SWIFT_VERSION = 5.0;
				TARGETED_DEVICE_FAMILY = "1,2";
			};
			name = Release;
		};
		8649801525812BA200876BB9 /* Debug */ = {
			isa = XCBuildConfiguration;
			buildSettings = {
				ALWAYS_EMBED_SWIFT_STANDARD_LIBRARIES = YES;
				BUNDLE_LOADER = "$(TEST_HOST)";
				CODE_SIGN_STYLE = Automatic;
				DEVELOPMENT_TEAM = BSQ6SB2ZMW;
				INFOPLIST_FILE = SiwonTests/Info.plist;
				IPHONEOS_DEPLOYMENT_TARGET = 14.1;
				LD_RUNPATH_SEARCH_PATHS = (
					"$(inherited)",
					"@executable_path/Frameworks",
					"@loader_path/Frameworks",
				);
				PRODUCT_BUNDLE_IDENTIFIER = SiwonIg.SiwonTests;
				PRODUCT_NAME = "$(TARGET_NAME)";
				SWIFT_VERSION = 5.0;
				TARGETED_DEVICE_FAMILY = "1,2";
				TEST_HOST = "$(BUILT_PRODUCTS_DIR)/Siwon.app/Siwon";
			};
			name = Debug;
		};
		8649801625812BA200876BB9 /* Release */ = {
			isa = XCBuildConfiguration;
			buildSettings = {
				ALWAYS_EMBED_SWIFT_STANDARD_LIBRARIES = YES;
				BUNDLE_LOADER = "$(TEST_HOST)";
				CODE_SIGN_STYLE = Automatic;
				DEVELOPMENT_TEAM = BSQ6SB2ZMW;
				INFOPLIST_FILE = SiwonTests/Info.plist;
				IPHONEOS_DEPLOYMENT_TARGET = 14.1;
				LD_RUNPATH_SEARCH_PATHS = (
					"$(inherited)",
					"@executable_path/Frameworks",
					"@loader_path/Frameworks",
				);
				PRODUCT_BUNDLE_IDENTIFIER = SiwonIg.SiwonTests;
				PRODUCT_NAME = "$(TARGET_NAME)";
				SWIFT_VERSION = 5.0;
				TARGETED_DEVICE_FAMILY = "1,2";
				TEST_HOST = "$(BUILT_PRODUCTS_DIR)/Siwon.app/Siwon";
			};
			name = Release;
		};
		8649801825812BA200876BB9 /* Debug */ = {
			isa = XCBuildConfiguration;
			buildSettings = {
				ALWAYS_EMBED_SWIFT_STANDARD_LIBRARIES = YES;
				CODE_SIGN_STYLE = Automatic;
				DEVELOPMENT_TEAM = BSQ6SB2ZMW;
				INFOPLIST_FILE = SiwonUITests/Info.plist;
				LD_RUNPATH_SEARCH_PATHS = (
					"$(inherited)",
					"@executable_path/Frameworks",
					"@loader_path/Frameworks",
				);
				PRODUCT_BUNDLE_IDENTIFIER = SiwonIg.SiwonUITests;
				PRODUCT_NAME = "$(TARGET_NAME)";
				SWIFT_VERSION = 5.0;
				TARGETED_DEVICE_FAMILY = "1,2";
				TEST_TARGET_NAME = Siwon;
			};
			name = Debug;
		};
		8649801925812BA200876BB9 /* Release */ = {
			isa = XCBuildConfiguration;
			buildSettings = {
				ALWAYS_EMBED_SWIFT_STANDARD_LIBRARIES = YES;
				CODE_SIGN_STYLE = Automatic;
				DEVELOPMENT_TEAM = BSQ6SB2ZMW;
				INFOPLIST_FILE = SiwonUITests/Info.plist;
				LD_RUNPATH_SEARCH_PATHS = (
					"$(inherited)",
					"@executable_path/Frameworks",
					"@loader_path/Frameworks",
				);
				PRODUCT_BUNDLE_IDENTIFIER = SiwonIg.SiwonUITests;
				PRODUCT_NAME = "$(TARGET_NAME)";
				SWIFT_VERSION = 5.0;
				TARGETED_DEVICE_FAMILY = "1,2";
				TEST_TARGET_NAME = Siwon;
			};
			name = Release;
		};
/* End XCBuildConfiguration section */

/* Begin XCConfigurationList section */
		86497FE225812B9F00876BB9 /* Build configuration list for PBXProject "Siwon" */ = {
			isa = XCConfigurationList;
			buildConfigurations = (
				8649800F25812BA200876BB9 /* Debug */,
				8649801025812BA200876BB9 /* Release */,
			);
			defaultConfigurationIsVisible = 0;
			defaultConfigurationName = Release;
		};
		8649801125812BA200876BB9 /* Build configuration list for PBXNativeTarget "Siwon" */ = {
			isa = XCConfigurationList;
			buildConfigurations = (
				8649801225812BA200876BB9 /* Debug */,
				8649801325812BA200876BB9 /* Release */,
			);
			defaultConfigurationIsVisible = 0;
			defaultConfigurationName = Release;
		};
		8649801425812BA200876BB9 /* Build configuration list for PBXNativeTarget "SiwonTests" */ = {
			isa = XCConfigurationList;
			buildConfigurations = (
				8649801525812BA200876BB9 /* Debug */,
				8649801625812BA200876BB9 /* Release */,
			);
			defaultConfigurationIsVisible = 0;
			defaultConfigurationName = Release;
		};
		8649801725812BA200876BB9 /* Build configuration list for PBXNativeTarget "SiwonUITests" */ = {
			isa = XCConfigurationList;
			buildConfigurations = (
				8649801825812BA200876BB9 /* Debug */,
				8649801925812BA200876BB9 /* Release */,
			);
			defaultConfigurationIsVisible = 0;
			defaultConfigurationName = Release;
		};
/* End XCConfigurationList section */
	};
	rootObject = 86497FDF25812B9F00876BB9 /* Project object */;
}
